
Microsoft Visual Studio Solution File, Format Version 12.00
# Visual Studio 15
VisualStudioVersion = 15.0.27906.1
MinimumVisualStudioVersion = 10.0.40219.1
Project("{FAE04EC0-301F-11D3-BF4B-00C04F79EFBC}") = "NugetDownloader", "NugetDownloader\NugetDownloader.csproj", "{17001492-C283-4AF0-A4DC-5B0E52572CA7}"
EndProject
Project("{FAE04EC0-301F-11D3-BF4B-00C04F79EFBC}") = "NugetDownloaderTestConsole", "NugetDownloaderTestConsole\NugetDownloaderTestConsole.csproj", "{2829F65D-E3EA-41E8-886B-5FE8D4764990}"
EndProject
Global
	GlobalSection(SolutionConfigurationPlatforms) = preSolution
		Debug|Any CPU = Debug|Any CPU
		Release|Any CPU = Release|Any CPU
	EndGlobalSection
	GlobalSection(ProjectConfigurationPlatforms) = postSolution
		{17001492-C283-4AF0-A4DC-5B0E52572CA7}.Debug|Any CPU.ActiveCfg = Debug|Any CPU
		{17001492-C283-4AF0-A4DC-5B0E52572CA7}.Debug|Any CPU.Build.0 = Debug|Any CPU
		{17001492-C283-4AF0-A4DC-5B0E52572CA7}.Release|Any CPU.ActiveCfg = Release|Any CPU
		{17001492-C283-4AF0-A4DC-5B0E52572CA7}.Release|Any CPU.Build.0 = Release|Any CPU
		{2829F65D-E3EA-41E8-886B-5FE8D4764990}.Debug|Any CPU.ActiveCfg = Debug|Any CPU
		{2829F65D-E3EA-41E8-886B-5FE8D4764990}.Debug|Any CPU.Build.0 = Debug|Any CPU
		{2829F65D-E3EA-41E8-886B-5FE8D4764990}.Release|Any CPU.ActiveCfg = Release|Any CPU
		{2829F65D-E3EA-41E8-886B-5FE8D4764990}.Release|Any CPU.Build.0 = Release|Any CPU
	EndGlobalSection
	GlobalSection(SolutionProperties) = preSolution
		HideSolutionNode = FALSE
	EndGlobalSection
	GlobalSection(ExtensibilityGlobals) = postSolution
		SolutionGuid = {A092D3D0-B266-4BCC-9C1F-D1F0F08D790F}
	EndGlobalSection
EndGlobal
